
Microsoft Visual Studio Solution File, Format Version 12.00
# Visual Studio Version 17
VisualStudioVersion = 17.14.36408.4 d17.14
MinimumVisualStudioVersion = 10.0.40219.1
Project("{FAE04EC0-301F-11D3-BF4B-00C04F79EFBC}") = "chrika.api", "chrika.api\chrika.api.csproj", "{92157FB9-0474-4FE4-84CB-7CDFB574D37D}"
EndProject
Global
	GlobalSection(SolutionConfigurationPlatforms) = preSolution
		Debug|Any CPU = Debug|Any CPU
		Release|Any CPU = Release|Any CPU
	EndGlobalSection
	GlobalSection(ProjectConfigurationPlatforms) = postSolution
		{92157FB9-0474-4FE4-84CB-7CDFB574D37D}.Debug|Any CPU.ActiveCfg = Debug|Any CPU
		{92157FB9-0474-4FE4-84CB-7CDFB574D37D}.Debug|Any CPU.Build.0 = Debug|Any CPU
		{92157FB9-0474-4FE4-84CB-7CDFB574D37D}.Release|Any CPU.ActiveCfg = Release|Any CPU
		{92157FB9-0474-4FE4-84CB-7CDFB574D37D}.Release|Any CPU.Build.0 = Release|Any CPU
	EndGlobalSection
	GlobalSection(SolutionProperties) = preSolution
		HideSolutionNode = FALSE
	EndGlobalSection
	GlobalSection(ExtensibilityGlobals) = postSolution
		SolutionGuid = {F6A2A7DC-7E58-4EA9-AA19-76267EFC89E2}
	EndGlobalSection
EndGlobal
